
Microsoft Visual Studio Solution File, Format Version 12.00
# Visual Studio Version 17
VisualStudioVersion = 17.2.32516.85
MinimumVisualStudioVersion = 10.0.40219.1
Project("{FAE04EC0-301F-11D3-BF4B-00C04F79EFBC}") = "FormularioIngreso", "FormularioIngreso\FormularioIngreso.csproj", "{906C9BDA-7FC7-4B7B-A425-CBAB2E0CDEA1}"
EndProject
Global
	GlobalSection(SolutionConfigurationPlatforms) = preSolution
		Debug|Any CPU = Debug|Any CPU
		Release|Any CPU = Release|Any CPU
	EndGlobalSection
	GlobalSection(ProjectConfigurationPlatforms) = postSolution
		{906C9BDA-7FC7-4B7B-A425-CBAB2E0CDEA1}.Debug|Any CPU.ActiveCfg = Debug|Any CPU
		{906C9BDA-7FC7-4B7B-A425-CBAB2E0CDEA1}.Debug|Any CPU.Build.0 = Debug|Any CPU
		{906C9BDA-7FC7-4B7B-A425-CBAB2E0CDEA1}.Release|Any CPU.ActiveCfg = Release|Any CPU
		{906C9BDA-7FC7-4B7B-A425-CBAB2E0CDEA1}.Release|Any CPU.Build.0 = Release|Any CPU
	EndGlobalSection
	GlobalSection(SolutionProperties) = preSolution
		HideSolutionNode = FALSE
	EndGlobalSection
	GlobalSection(ExtensibilityGlobals) = postSolution
		SolutionGuid = {77203C72-5328-4C42-8B8C-EC651F9ED608}
	EndGlobalSection
EndGlobal
